
Microsoft Visual Studio Solution File, Format Version 11.00
# Visual Studio 2010
Project("{FAE04EC0-301F-11D3-BF4B-00C04F79EFBC}") = "PAM", "PAM\PAM.csproj", "{78A971F0-9183-4E3E-94DC-F737B58FA377}"
EndProject
Project("{FAE04EC0-301F-11D3-BF4B-00C04F79EFBC}") = "PAM.Core", "PAM.Core\PAM.Core.csproj", "{451A3C83-76A2-44DD-8F02-09735C7BB5D2}"
EndProject
Project("{FAE04EC0-301F-11D3-BF4B-00C04F79EFBC}") = "PAM.Tests", "PAM.Tests\PAM.Tests.csproj", "{3FB63C08-8D04-45E6-813C-CBE67F132ACC}"
EndProject
Project("{54435603-DBB4-11D2-8724-00A0C9A8B90C}") = "Setup", "Setup\Setup.vdproj", "{94DC77CD-8A95-4E08-AD68-C2EC4C5A814D}"
EndProject
Project("{FAE04EC0-301F-11D3-BF4B-00C04F79EFBC}") = "WpfApplication4", "..\..\WpfApplication4\WpfApplication4\WpfApplication4.csproj", "{5FF1BF74-1CFB-4D9C-90CA-395BE13327A3}"
EndProject
Global
	GlobalSection(SolutionConfigurationPlatforms) = preSolution
		Debug|Any CPU = Debug|Any CPU
		Debug|Mixed Platforms = Debug|Mixed Platforms
		Debug|x86 = Debug|x86
		Release|Any CPU = Release|Any CPU
		Release|Mixed Platforms = Release|Mixed Platforms
		Release|x86 = Release|x86
	EndGlobalSection
	GlobalSection(ProjectConfigurationPlatforms) = postSolution
		{78A971F0-9183-4E3E-94DC-F737B58FA377}.Debug|Any CPU.ActiveCfg = Debug|Any CPU
		{78A971F0-9183-4E3E-94DC-F737B58FA377}.Debug|Any CPU.Build.0 = Debug|Any CPU
		{78A971F0-9183-4E3E-94DC-F737B58FA377}.Debug|Mixed Platforms.ActiveCfg = Debug|Any CPU
		{78A971F0-9183-4E3E-94DC-F737B58FA377}.Debug|Mixed Platforms.Build.0 = Debug|Any CPU
		{78A971F0-9183-4E3E-94DC-F737B58FA377}.Debug|x86.ActiveCfg = Debug|Any CPU
		{78A971F0-9183-4E3E-94DC-F737B58FA377}.Release|Any CPU.ActiveCfg = Release|Any CPU
		{78A971F0-9183-4E3E-94DC-F737B58FA377}.Release|Any CPU.Build.0 = Release|Any CPU
		{78A971F0-9183-4E3E-94DC-F737B58FA377}.Release|Mixed Platforms.ActiveCfg = Release|Any CPU
		{78A971F0-9183-4E3E-94DC-F737B58FA377}.Release|Mixed Platforms.Build.0 = Release|Any CPU
		{78A971F0-9183-4E3E-94DC-F737B58FA377}.Release|x86.ActiveCfg = Release|Any CPU
		{451A3C83-76A2-44DD-8F02-09735C7BB5D2}.Debug|Any CPU.ActiveCfg = Debug|Any CPU
		{451A3C83-76A2-44DD-8F02-09735C7BB5D2}.Debug|Any CPU.Build.0 = Debug|Any CPU
		{451A3C83-76A2-44DD-8F02-09735C7BB5D2}.Debug|Mixed Platforms.ActiveCfg = Debug|Any CPU
		{451A3C83-76A2-44DD-8F02-09735C7BB5D2}.Debug|Mixed Platforms.Build.0 = Debug|Any CPU
		{451A3C83-76A2-44DD-8F02-09735C7BB5D2}.Debug|x86.ActiveCfg = Debug|Any CPU
		{451A3C83-76A2-44DD-8F02-09735C7BB5D2}.Release|Any CPU.ActiveCfg = Release|Any CPU
		{451A3C83-76A2-44DD-8F02-09735C7BB5D2}.Release|Any CPU.Build.0 = Release|Any CPU
		{451A3C83-76A2-44DD-8F02-09735C7BB5D2}.Release|Mixed Platforms.ActiveCfg = Release|Any CPU
		{451A3C83-76A2-44DD-8F02-09735C7BB5D2}.Release|Mixed Platforms.Build.0 = Release|Any CPU
		{451A3C83-76A2-44DD-8F02-09735C7BB5D2}.Release|x86.ActiveCfg = Release|Any CPU
		{3FB63C08-8D04-45E6-813C-CBE67F132ACC}.Debug|Any CPU.ActiveCfg = Debug|Any CPU
		{3FB63C08-8D04-45E6-813C-CBE67F132ACC}.Debug|Any CPU.Build.0 = Debug|Any CPU
		{3FB63C08-8D04-45E6-813C-CBE67F132ACC}.Debug|Mixed Platforms.ActiveCfg = Debug|Any CPU
		{3FB63C08-8D04-45E6-813C-CBE67F132ACC}.Debug|Mixed Platforms.Build.0 = Debug|Any CPU
		{3FB63C08-8D04-45E6-813C-CBE67F132ACC}.Debug|x86.ActiveCfg = Debug|Any CPU
		{3FB63C08-8D04-45E6-813C-CBE67F132ACC}.Release|Any CPU.ActiveCfg = Release|Any CPU
		{3FB63C08-8D04-45E6-813C-CBE67F132ACC}.Release|Any CPU.Build.0 = Release|Any CPU
		{3FB63C08-8D04-45E6-813C-CBE67F132ACC}.Release|Mixed Platforms.ActiveCfg = Release|Any CPU
		{3FB63C08-8D04-45E6-813C-CBE67F132ACC}.Release|Mixed Platforms.Build.0 = Release|Any CPU
		{3FB63C08-8D04-45E6-813C-CBE67F132ACC}.Release|x86.ActiveCfg = Release|Any CPU
		{94DC77CD-8A95-4E08-AD68-C2EC4C5A814D}.Debug|Any CPU.ActiveCfg = Debug
		{94DC77CD-8A95-4E08-AD68-C2EC4C5A814D}.Debug|Mixed Platforms.ActiveCfg = Debug
		{94DC77CD-8A95-4E08-AD68-C2EC4C5A814D}.Debug|Mixed Platforms.Build.0 = Debug
		{94DC77CD-8A95-4E08-AD68-C2EC4C5A814D}.Debug|x86.ActiveCfg = Debug
		{94DC77CD-8A95-4E08-AD68-C2EC4C5A814D}.Debug|x86.Build.0 = Debug
		{94DC77CD-8A95-4E08-AD68-C2EC4C5A814D}.Release|Any CPU.ActiveCfg = Release
		{94DC77CD-8A95-4E08-AD68-C2EC4C5A814D}.Release|Mixed Platforms.ActiveCfg = Release
		{94DC77CD-8A95-4E08-AD68-C2EC4C5A814D}.Release|Mixed Platforms.Build.0 = Release
		{94DC77CD-8A95-4E08-AD68-C2EC4C5A814D}.Release|x86.ActiveCfg = Release
		{94DC77CD-8A95-4E08-AD68-C2EC4C5A814D}.Release|x86.Build.0 = Release
		{5FF1BF74-1CFB-4D9C-90CA-395BE13327A3}.Debug|Any CPU.ActiveCfg = Debug|x86
		{5FF1BF74-1CFB-4D9C-90CA-395BE13327A3}.Debug|Mixed Platforms.ActiveCfg = Debug|x86
		{5FF1BF74-1CFB-4D9C-90CA-395BE13327A3}.Debug|Mixed Platforms.Build.0 = Debug|x86
		{5FF1BF74-1CFB-4D9C-90CA-395BE13327A3}.Debug|x86.ActiveCfg = Debug|x86
		{5FF1BF74-1CFB-4D9C-90CA-395BE13327A3}.Debug|x86.Build.0 = Debug|x86
		{5FF1BF74-1CFB-4D9C-90CA-395BE13327A3}.Release|Any CPU.ActiveCfg = Release|x86
		{5FF1BF74-1CFB-4D9C-90CA-395BE13327A3}.Release|Mixed Platforms.ActiveCfg = Release|x86
		{5FF1BF74-1CFB-4D9C-90CA-395BE13327A3}.Release|Mixed Platforms.Build.0 = Release|x86
		{5FF1BF74-1CFB-4D9C-90CA-395BE13327A3}.Release|x86.ActiveCfg = Release|x86
		{5FF1BF74-1CFB-4D9C-90CA-395BE13327A3}.Release|x86.Build.0 = Release|x86
	EndGlobalSection
	GlobalSection(SolutionProperties) = preSolution
		HideSolutionNode = FALSE
	EndGlobalSection
EndGlobal
